
Microsoft Visual Studio Solution File, Format Version 12.00
# Visual Studio Version 17
VisualStudioVersion = 17.5.33414.496
MinimumVisualStudioVersion = 10.0.40219.1
Project("{9A19103F-16F7-4668-BE54-9A1E7A4F7556}") = "EmployeeWage", "EmployeeWage.csproj", "{B8621384-4488-4093-9822-2017639A68ED}"
EndProject
Global
	GlobalSection(SolutionConfigurationPlatforms) = preSolution
		Debug|Any CPU = Debug|Any CPU
		Release|Any CPU = Release|Any CPU
	EndGlobalSection
	GlobalSection(ProjectConfigurationPlatforms) = postSolution
		{B8621384-4488-4093-9822-2017639A68ED}.Debug|Any CPU.ActiveCfg = Debug|Any CPU
		{B8621384-4488-4093-9822-2017639A68ED}.Debug|Any CPU.Build.0 = Debug|Any CPU
		{B8621384-4488-4093-9822-2017639A68ED}.Release|Any CPU.ActiveCfg = Release|Any CPU
		{B8621384-4488-4093-9822-2017639A68ED}.Release|Any CPU.Build.0 = Release|Any CPU
	EndGlobalSection
	GlobalSection(SolutionProperties) = preSolution
		HideSolutionNode = FALSE
	EndGlobalSection
	GlobalSection(ExtensibilityGlobals) = postSolution
		SolutionGuid = {667B0357-FA12-4EC6-9180-47E444705C34}
	EndGlobalSection
EndGlobal
